
Microsoft Visual Studio Solution File, Format Version 12.00
# Visual Studio Version 16
VisualStudioVersion = 16.0.31105.61
MinimumVisualStudioVersion = 10.0.40219.1
Project("{FAE04EC0-301F-11D3-BF4B-00C04F79EFBC}") = "ContactPersonV1", "ContactPersonV1\ContactPersonV1.csproj", "{DFD778C4-6B99-4DE1-B19B-F567DDD20F3D}"
EndProject
Global
	GlobalSection(SolutionConfigurationPlatforms) = preSolution
		Debug|Any CPU = Debug|Any CPU
		Release|Any CPU = Release|Any CPU
	EndGlobalSection
	GlobalSection(ProjectConfigurationPlatforms) = postSolution
		{DFD778C4-6B99-4DE1-B19B-F567DDD20F3D}.Debug|Any CPU.ActiveCfg = Debug|Any CPU
		{DFD778C4-6B99-4DE1-B19B-F567DDD20F3D}.Debug|Any CPU.Build.0 = Debug|Any CPU
		{DFD778C4-6B99-4DE1-B19B-F567DDD20F3D}.Release|Any CPU.ActiveCfg = Release|Any CPU
		{DFD778C4-6B99-4DE1-B19B-F567DDD20F3D}.Release|Any CPU.Build.0 = Release|Any CPU
	EndGlobalSection
	GlobalSection(SolutionProperties) = preSolution
		HideSolutionNode = FALSE
	EndGlobalSection
	GlobalSection(ExtensibilityGlobals) = postSolution
		SolutionGuid = {D08C2C87-FD0E-4E48-9325-837C7DFAECF8}
	EndGlobalSection
EndGlobal
